
Microsoft Visual Studio Solution File, Format Version 12.00
# Visual Studio Version 16
VisualStudioVersion = 16.0.35325.158
MinimumVisualStudioVersion = 10.0.40219.1
Project("{FAE04EC0-301F-11D3-BF4B-00C04F79EFBC}") = "Grebarz古霸子", "GrebarZ古霸子\Grebarz古霸子.csproj", "{6F5C0126-55B5-4FC3-8795-44FF104DF00E}"
EndProject
Global
	GlobalSection(SolutionConfigurationPlatforms) = preSolution
		Debug|Any CPU = Debug|Any CPU
		Release|Any CPU = Release|Any CPU
	EndGlobalSection
	GlobalSection(ProjectConfigurationPlatforms) = postSolution
		{6F5C0126-55B5-4FC3-8795-44FF104DF00E}.Debug|Any CPU.ActiveCfg = Debug|Any CPU
		{6F5C0126-55B5-4FC3-8795-44FF104DF00E}.Debug|Any CPU.Build.0 = Debug|Any CPU
		{6F5C0126-55B5-4FC3-8795-44FF104DF00E}.Release|Any CPU.ActiveCfg = Release|Any CPU
		{6F5C0126-55B5-4FC3-8795-44FF104DF00E}.Release|Any CPU.Build.0 = Release|Any CPU
	EndGlobalSection
	GlobalSection(SolutionProperties) = preSolution
		HideSolutionNode = FALSE
	EndGlobalSection
	GlobalSection(ExtensibilityGlobals) = postSolution
		SolutionGuid = {76875270-4405-4538-8BE5-70647FE6F0EB}
	EndGlobalSection
EndGlobal
